
Microsoft Visual Studio Solution File, Format Version 12.00
# Visual Studio Version 16
VisualStudioVersion = 16.0.29306.81
MinimumVisualStudioVersion = 10.0.40219.1
Project("{FAE04EC0-301F-11D3-BF4B-00C04F79EFBC}") = "WebMvc", "WebMvc\WebMvc.csproj", "{82530715-CDB4-4D2B-8026-B2C7923C89D0}"
EndProject
Global
	GlobalSection(SolutionConfigurationPlatforms) = preSolution
		Debug|Any CPU = Debug|Any CPU
		Release|Any CPU = Release|Any CPU
	EndGlobalSection
	GlobalSection(ProjectConfigurationPlatforms) = postSolution
		{82530715-CDB4-4D2B-8026-B2C7923C89D0}.Debug|Any CPU.ActiveCfg = Debug|Any CPU
		{82530715-CDB4-4D2B-8026-B2C7923C89D0}.Debug|Any CPU.Build.0 = Debug|Any CPU
		{82530715-CDB4-4D2B-8026-B2C7923C89D0}.Release|Any CPU.ActiveCfg = Release|Any CPU
		{82530715-CDB4-4D2B-8026-B2C7923C89D0}.Release|Any CPU.Build.0 = Release|Any CPU
	EndGlobalSection
	GlobalSection(SolutionProperties) = preSolution
		HideSolutionNode = FALSE
	EndGlobalSection
	GlobalSection(ExtensibilityGlobals) = postSolution
		SolutionGuid = {2D2DCC3D-4AC9-4E13-8420-7D7A7045A923}
	EndGlobalSection
EndGlobal
